
Microsoft Visual Studio Solution File, Format Version 12.00
# Visual Studio Version 17
VisualStudioVersion = 17.9.34714.143
MinimumVisualStudioVersion = 10.0.40219.1
Project("{FAE04EC0-301F-11D3-BF4B-00C04F79EFBC}") = "Comandas", "Comandas.csproj", "{C2E6A909-E158-42D7-B10F-442FC48D97A7}"
EndProject
Global
	GlobalSection(SolutionConfigurationPlatforms) = preSolution
		Debug|Any CPU = Debug|Any CPU
		Release|Any CPU = Release|Any CPU
	EndGlobalSection
	GlobalSection(ProjectConfigurationPlatforms) = postSolution
		{C2E6A909-E158-42D7-B10F-442FC48D97A7}.Debug|Any CPU.ActiveCfg = Debug|Any CPU
		{C2E6A909-E158-42D7-B10F-442FC48D97A7}.Debug|Any CPU.Build.0 = Debug|Any CPU
		{C2E6A909-E158-42D7-B10F-442FC48D97A7}.Release|Any CPU.ActiveCfg = Release|Any CPU
		{C2E6A909-E158-42D7-B10F-442FC48D97A7}.Release|Any CPU.Build.0 = Release|Any CPU
	EndGlobalSection
	GlobalSection(SolutionProperties) = preSolution
		HideSolutionNode = FALSE
	EndGlobalSection
	GlobalSection(ExtensibilityGlobals) = postSolution
		SolutionGuid = {7887D161-68B7-45DA-BE40-243F4E892085}
	EndGlobalSection
EndGlobal
